// !$*UTF8*$!
{
	archiveVersion = 1;
	classes = {
	};
	objectVersion = 50;
	objects = {

/* Begin PBXBuildFile section */
		9102B4202080D673004ABC77 /* AddTwoNumbers_2.swift in Sources */ = {isa = PBXBuildFile; fileRef = 9102B41F2080D673004ABC77 /* AddTwoNumbers_2.swift */; };
		9102B4222080F196004ABC77 /* PalindromeNumber_9.swift in Sources */ = {isa = PBXBuildFile; fileRef = 9102B4212080F196004ABC77 /* PalindromeNumber_9.swift */; };
		9110EF9E2138334C00458A6B /* BSTDictionary.swift in Sources */ = {isa = PBXBuildFile; fileRef = 9110EF9D2138334C00458A6B /* BSTDictionary.swift */; };
		91301ACA20ED2EBB003B4FC0 /* Merge.swift in Sources */ = {isa = PBXBuildFile; fileRef = 91301AC920ED2EBB003B4FC0 /* Merge.swift */; };
		91301ACC20F2550F003B4FC0 /* Counting.swift in Sources */ = {isa = PBXBuildFile; fileRef = 91301ACB20F2550F003B4FC0 /* Counting.swift */; };
		9139FA6B208752EA00229150 /* LongestCommonPrefix_14.swift in Sources */ = {isa = PBXBuildFile; fileRef = 9139FA6A208752EA00229150 /* LongestCommonPrefix_14.swift */; };
		9139FA6E2088CA9200229150 /* Extensions.swift in Sources */ = {isa = PBXBuildFile; fileRef = 9139FA6D2088CA9200229150 /* Extensions.swift */; };
		914DF20820FCE4A9001E9551 /* FindKthMinItem.swift in Sources */ = {isa = PBXBuildFile; fileRef = 914DF20720FCE4A9001E9551 /* FindKthMinItem.swift */; };
		914DF20B20FE09FF001E9551 /* K-th-SmallestinLexicographicalOrder_440.swift in Sources */ = {isa = PBXBuildFile; fileRef = 914DF20A20FE09FF001E9551 /* K-th-SmallestinLexicographicalOrder_440.swift */; };
		914DF20E20FE920D001E9551 /* KMP_Algorithm.swift in Sources */ = {isa = PBXBuildFile; fileRef = 914DF20D20FE920D001E9551 /* KMP_Algorithm.swift */; };
		914DF2122100B5F8001E9551 /* BinaryTree.swift in Sources */ = {isa = PBXBuildFile; fileRef = 914DF2112100B5F8001E9551 /* BinaryTree.swift */; };
		916B88AB20BD7C1700BA92DF /* FindFibonacciNumber.swift in Sources */ = {isa = PBXBuildFile; fileRef = 916B88AA20BD7C1700BA92DF /* FindFibonacciNumber.swift */; };
		916B88AD20BEC7BE00BA92DF /* IsFibonacciNumber.swift in Sources */ = {isa = PBXBuildFile; fileRef = 916B88AC20BEC7BE00BA92DF /* IsFibonacciNumber.swift */; };
		9175BC7D207F63E800934B4B /* Statistics.strings in Resources */ = {isa = PBXBuildFile; fileRef = 9175BC77207F63E800934B4B /* Statistics.strings */; };
		9175BC7E207F63E800934B4B /* ReverseInteger_7.swift in Sources */ = {isa = PBXBuildFile; fileRef = 9175BC7A207F63E800934B4B /* ReverseInteger_7.swift */; };
		9175BC7F207F63E800934B4B /* TwoSum_1.swift in Sources */ = {isa = PBXBuildFile; fileRef = 9175BC7B207F63E800934B4B /* TwoSum_1.swift */; };
		917FB5B1213DC1D300908162 /* Permutation.swift in Sources */ = {isa = PBXBuildFile; fileRef = 917FB5B0213DC1D300908162 /* Permutation.swift */; };
		918D50992122261B00DEFB61 /* RingBuffer.swift in Sources */ = {isa = PBXBuildFile; fileRef = 918D50982122261B00DEFB61 /* RingBuffer.swift */; };
		9193B18D209335E4000240A1 /* HashMap+OpenAddressing.swift in Sources */ = {isa = PBXBuildFile; fileRef = 9193B18C209335E4000240A1 /* HashMap+OpenAddressing.swift */; };
		919C8B2B20E18356006EE57D /* WeeklyContests90.swift in Sources */ = {isa = PBXBuildFile; fileRef = 919C8B2A20E18356006EE57D /* WeeklyContests90.swift */; };
		919C8B2F20E1CAB3006EE57D /* PrintAllSubsets.swift in Sources */ = {isa = PBXBuildFile; fileRef = 919C8B2E20E1CAB3006EE57D /* PrintAllSubsets.swift */; };
		91AE83AA2084CB9200DCADDF /* WeeklyContests80.swift in Sources */ = {isa = PBXBuildFile; fileRef = 91AE83A92084CB9200DCADDF /* WeeklyContests80.swift */; };
		91AE83AC2084FA6800DCADDF /* RomanToInteger_13.swift in Sources */ = {isa = PBXBuildFile; fileRef = 91AE83AB2084FA6800DCADDF /* RomanToInteger_13.swift */; };
		91B61D7820D9455D0026809E /* Stack+BasedOnArray.swift in Sources */ = {isa = PBXBuildFile; fileRef = 91B61D7720D9455D0026809E /* Stack+BasedOnArray.swift */; };
		91B61D7E20DA5F6F0026809E /* ReverseString.swift in Sources */ = {isa = PBXBuildFile; fileRef = 91B61D7D20DA5F6F0026809E /* ReverseString.swift */; };
		91B6EEC9213C015000ED91D9 /* BFS+Tree.swift in Sources */ = {isa = PBXBuildFile; fileRef = 91B6EEC8213C015000ED91D9 /* BFS+Tree.swift */; };
		91B6EECB213D54C700ED91D9 /* Big(O).swift in Sources */ = {isa = PBXBuildFile; fileRef = 91B6EECA213D54C700ED91D9 /* Big(O).swift */; };
		91BC7F1A20F7731400FDB1AE /* Heap.swift in Sources */ = {isa = PBXBuildFile; fileRef = 91BC7F1920F7731400FDB1AE /* Heap.swift */; };
		91BC7F1D20F8F56300FDB1AE /* HeapSort.swift in Sources */ = {isa = PBXBuildFile; fileRef = 91BC7F1C20F8F56300FDB1AE /* HeapSort.swift */; };
		91BC7F2020FCA8B700FDB1AE /* Queue.swift in Sources */ = {isa = PBXBuildFile; fileRef = 91BC7F1F20FCA8B700FDB1AE /* Queue.swift */; };
		91BC7F2320FCAD1300FDB1AE /* PriorityQueue.swift in Sources */ = {isa = PBXBuildFile; fileRef = 91BC7F2220FCAD1300FDB1AE /* PriorityQueue.swift */; };
		91D71A4D20D12B6100709547 /* Stack.swift in Sources */ = {isa = PBXBuildFile; fileRef = 91D71A4C20D12B6100709547 /* Stack.swift */; };
		91D7A3C821388A160072BE90 /* LinkedList.swift in Sources */ = {isa = PBXBuildFile; fileRef = 91D7A3C721388A150072BE90 /* LinkedList.swift */; };
		91D9EF4D209204C800969B6D /* HashMap.swift in Sources */ = {isa = PBXBuildFile; fileRef = 91D9EF4C209204C800969B6D /* HashMap.swift */; };
		91DA0BBB20E96D57008BC259 /* Quick.swift in Sources */ = {isa = PBXBuildFile; fileRef = 91DA0BBA20E96D57008BC259 /* Quick.swift */; };
/* End PBXBuildFile section */

/* Begin PBXFileReference section */
		9102B41F2080D673004ABC77 /* AddTwoNumbers_2.swift */ = {isa = PBXFileReference; fileEncoding = 4; lastKnownFileType = sourcecode.swift; path = AddTwoNumbers_2.swift; sourceTree = "<group>"; };
		9102B4212080F196004ABC77 /* PalindromeNumber_9.swift */ = {isa = PBXFileReference; lastKnownFileType = sourcecode.swift; path = PalindromeNumber_9.swift; sourceTree = "<group>"; };
		9110EF9D2138334C00458A6B /* BSTDictionary.swift */ = {isa = PBXFileReference; lastKnownFileType = sourcecode.swift; path = BSTDictionary.swift; sourceTree = "<group>"; };
		91301AC920ED2EBB003B4FC0 /* Merge.swift */ = {isa = PBXFileReference; lastKnownFileType = sourcecode.swift; path = Merge.swift; sourceTree = "<group>"; };
		91301ACB20F2550F003B4FC0 /* Counting.swift */ = {isa = PBXFileReference; lastKnownFileType = sourcecode.swift; path = Counting.swift; sourceTree = "<group>"; };
		9139FA6A208752EA00229150 /* LongestCommonPrefix_14.swift */ = {isa = PBXFileReference; lastKnownFileType = sourcecode.swift; path = LongestCommonPrefix_14.swift; sourceTree = "<group>"; };
		9139FA6D2088CA9200229150 /* Extensions.swift */ = {isa = PBXFileReference; lastKnownFileType = sourcecode.swift; path = Extensions.swift; sourceTree = "<group>"; };
		913B4657207D38EF00A093AF /* LeetCode.xctest */ = {isa = PBXFileReference; explicitFileType = wrapper.cfbundle; includeInIndex = 0; path = LeetCode.xctest; sourceTree = BUILT_PRODUCTS_DIR; };
		914DF20720FCE4A9001E9551 /* FindKthMinItem.swift */ = {isa = PBXFileReference; lastKnownFileType = sourcecode.swift; path = FindKthMinItem.swift; sourceTree = "<group>"; };
		914DF20A20FE09FF001E9551 /* K-th-SmallestinLexicographicalOrder_440.swift */ = {isa = PBXFileReference; lastKnownFileType = sourcecode.swift; path = "K-th-SmallestinLexicographicalOrder_440.swift"; sourceTree = "<group>"; };
		914DF20D20FE920D001E9551 /* KMP_Algorithm.swift */ = {isa = PBXFileReference; lastKnownFileType = sourcecode.swift; path = KMP_Algorithm.swift; sourceTree = "<group>"; };
		914DF2112100B5F8001E9551 /* BinaryTree.swift */ = {isa = PBXFileReference; lastKnownFileType = sourcecode.swift; path = BinaryTree.swift; sourceTree = "<group>"; };
		916B88AA20BD7C1700BA92DF /* FindFibonacciNumber.swift */ = {isa = PBXFileReference; lastKnownFileType = sourcecode.swift; path = FindFibonacciNumber.swift; sourceTree = "<group>"; };
		916B88AC20BEC7BE00BA92DF /* IsFibonacciNumber.swift */ = {isa = PBXFileReference; lastKnownFileType = sourcecode.swift; path = IsFibonacciNumber.swift; sourceTree = "<group>"; };
		9175BC77207F63E800934B4B /* Statistics.strings */ = {isa = PBXFileReference; fileEncoding = 4; lastKnownFileType = text.plist.strings; path = Statistics.strings; sourceTree = "<group>"; };
		9175BC7A207F63E800934B4B /* ReverseInteger_7.swift */ = {isa = PBXFileReference; fileEncoding = 4; lastKnownFileType = sourcecode.swift; path = ReverseInteger_7.swift; sourceTree = "<group>"; };
		9175BC7B207F63E800934B4B /* TwoSum_1.swift */ = {isa = PBXFileReference; fileEncoding = 4; lastKnownFileType = sourcecode.swift; path = TwoSum_1.swift; sourceTree = "<group>"; };
		9175BC7C207F63E800934B4B /* Info.plist */ = {isa = PBXFileReference; fileEncoding = 4; lastKnownFileType = text.plist.xml; path = Info.plist; sourceTree = "<group>"; };
		917FB5B0213DC1D300908162 /* Permutation.swift */ = {isa = PBXFileReference; lastKnownFileType = sourcecode.swift; path = Permutation.swift; sourceTree = "<group>"; };
		918D50982122261B00DEFB61 /* RingBuffer.swift */ = {isa = PBXFileReference; lastKnownFileType = sourcecode.swift; path = RingBuffer.swift; sourceTree = "<group>"; };
		9193B18C209335E4000240A1 /* HashMap+OpenAddressing.swift */ = {isa = PBXFileReference; lastKnownFileType = sourcecode.swift; path = "HashMap+OpenAddressing.swift"; sourceTree = "<group>"; };
		919C8B2A20E18356006EE57D /* WeeklyContests90.swift */ = {isa = PBXFileReference; lastKnownFileType = sourcecode.swift; path = WeeklyContests90.swift; sourceTree = "<group>"; };
		919C8B2E20E1CAB3006EE57D /* PrintAllSubsets.swift */ = {isa = PBXFileReference; lastKnownFileType = sourcecode.swift; path = PrintAllSubsets.swift; sourceTree = "<group>"; };
		91AE83A92084CB9200DCADDF /* WeeklyContests80.swift */ = {isa = PBXFileReference; lastKnownFileType = sourcecode.swift; path = WeeklyContests80.swift; sourceTree = "<group>"; };
		91AE83AB2084FA6800DCADDF /* RomanToInteger_13.swift */ = {isa = PBXFileReference; lastKnownFileType = sourcecode.swift; path = RomanToInteger_13.swift; sourceTree = "<group>"; };
		91B61D7720D9455D0026809E /* Stack+BasedOnArray.swift */ = {isa = PBXFileReference; lastKnownFileType = sourcecode.swift; path = "Stack+BasedOnArray.swift"; sourceTree = "<group>"; };
		91B61D7D20DA5F6F0026809E /* ReverseString.swift */ = {isa = PBXFileReference; lastKnownFileType = sourcecode.swift; path = ReverseString.swift; sourceTree = "<group>"; };
		91B6EEC8213C015000ED91D9 /* BFS+Tree.swift */ = {isa = PBXFileReference; lastKnownFileType = sourcecode.swift; path = "BFS+Tree.swift"; sourceTree = "<group>"; };
		91B6EECA213D54C700ED91D9 /* Big(O).swift */ = {isa = PBXFileReference; lastKnownFileType = sourcecode.swift; path = "Big(O).swift"; sourceTree = "<group>"; };
		91BC7F1920F7731400FDB1AE /* Heap.swift */ = {isa = PBXFileReference; lastKnownFileType = sourcecode.swift; path = Heap.swift; sourceTree = "<group>"; };
		91BC7F1C20F8F56300FDB1AE /* HeapSort.swift */ = {isa = PBXFileReference; lastKnownFileType = sourcecode.swift; path = HeapSort.swift; sourceTree = "<group>"; };
		91BC7F1F20FCA8B700FDB1AE /* Queue.swift */ = {isa = PBXFileReference; lastKnownFileType = sourcecode.swift; path = Queue.swift; sourceTree = "<group>"; };
		91BC7F2220FCAD1300FDB1AE /* PriorityQueue.swift */ = {isa = PBXFileReference; lastKnownFileType = sourcecode.swift; path = PriorityQueue.swift; sourceTree = "<group>"; };
		91D71A4C20D12B6100709547 /* Stack.swift */ = {isa = PBXFileReference; lastKnownFileType = sourcecode.swift; path = Stack.swift; sourceTree = "<group>"; };
		91D7A3C721388A150072BE90 /* LinkedList.swift */ = {isa = PBXFileReference; lastKnownFileType = sourcecode.swift; path = LinkedList.swift; sourceTree = "<group>"; };
		91D9EF4C209204C800969B6D /* HashMap.swift */ = {isa = PBXFileReference; lastKnownFileType = sourcecode.swift; path = HashMap.swift; sourceTree = "<group>"; };
		91DA0BBA20E96D57008BC259 /* Quick.swift */ = {isa = PBXFileReference; lastKnownFileType = sourcecode.swift; path = Quick.swift; sourceTree = "<group>"; };
/* End PBXFileReference section */

/* Begin PBXFrameworksBuildPhase section */
		913B4654207D38EF00A093AF /* Frameworks */ = {
			isa = PBXFrameworksBuildPhase;
			buildActionMask = 2147483647;
			files = (
			);
			runOnlyForDeploymentPostprocessing = 0;
		};
/* End PBXFrameworksBuildPhase section */

/* Begin PBXGroup section */
		9102B41E2080D673004ABC77 /* Medium */ = {
			isa = PBXGroup;
			children = (
				9102B41F2080D673004ABC77 /* AddTwoNumbers_2.swift */,
			);
			path = Medium;
			sourceTree = "<group>";
		};
		910A8042209EF1BF006AF346 /* DataStructure */ = {
			isa = PBXGroup;
			children = (
				918D50972122260900DEFB61 /* RingBuffer */,
				914DF20F2100B429001E9551 /* Tree */,
				91BC7F2120FCAB8D00FDB1AE /* PriorityQueue */,
				91BC7F1E20FCA8A700FDB1AE /* Queue */,
				91BC7F1B20F8F11300FDB1AE /* Heap */,
				91B61D7420D944E70026809E /* Stack */,
				91B61D7920D94A960026809E /* LinkedList */,
				910A8043209EF1EC006AF346 /* HashTable */,
			);
			path = DataStructure;
			sourceTree = "<group>";
		};
		910A8043209EF1EC006AF346 /* HashTable */ = {
			isa = PBXGroup;
			children = (
				91D9EF4C209204C800969B6D /* HashMap.swift */,
				9193B18C209335E4000240A1 /* HashMap+OpenAddressing.swift */,
			);
			path = HashTable;
			sourceTree = "<group>";
		};
		9139FA6C2088CA7B00229150 /* Extensions */ = {
			isa = PBXGroup;
			children = (
				9139FA6D2088CA9200229150 /* Extensions.swift */,
			);
			path = Extensions;
			sourceTree = "<group>";
		};
		913B463A207D38EE00A093AF = {
			isa = PBXGroup;
			children = (
				9175BC78207F63E800934B4B /* Sources */,
				9175BC77207F63E800934B4B /* Statistics.strings */,
				9175BC7C207F63E800934B4B /* Info.plist */,
				913B4644207D38EE00A093AF /* Products */,
			);
			sourceTree = "<group>";
		};
		913B4644207D38EE00A093AF /* Products */ = {
			isa = PBXGroup;
			children = (
				913B4657207D38EF00A093AF /* LeetCode.xctest */,
			);
			name = Products;
			sourceTree = "<group>";
		};
		914DF20920FE09D6001E9551 /* Hard */ = {
			isa = PBXGroup;
			children = (
				914DF20A20FE09FF001E9551 /* K-th-SmallestinLexicographicalOrder_440.swift */,
			);
			path = Hard;
			sourceTree = "<group>";
		};
		914DF20C20FE81E6001E9551 /* PatternSearching */ = {
			isa = PBXGroup;
			children = (
				914DF20D20FE920D001E9551 /* KMP_Algorithm.swift */,
			);
			path = PatternSearching;
			sourceTree = "<group>";
		};
		914DF20F2100B429001E9551 /* Tree */ = {
			isa = PBXGroup;
			children = (
				914DF2102100B432001E9551 /* BinaryTree */,
			);
			path = Tree;
			sourceTree = "<group>";
		};
		914DF2102100B432001E9551 /* BinaryTree */ = {
			isa = PBXGroup;
			children = (
				914DF2112100B5F8001E9551 /* BinaryTree.swift */,
				9110EF9D2138334C00458A6B /* BSTDictionary.swift */,
			);
			path = BinaryTree;
			sourceTree = "<group>";
		};
		916B88A920BD7BE600BA92DF /* Stepik */ = {
			isa = PBXGroup;
			children = (
				916B88AA20BD7C1700BA92DF /* FindFibonacciNumber.swift */,
				916B88AC20BEC7BE00BA92DF /* IsFibonacciNumber.swift */,
			);
			path = Stepik;
			sourceTree = "<group>";
		};
		9175BC78207F63E800934B4B /* Sources */ = {
			isa = PBXGroup;
			children = (
				910A8042209EF1BF006AF346 /* DataStructure */,
				91B6EEC6213C00C600ED91D9 /* Algorithms */,
				917FB5B2213DC25800908162 /* Courses */,
				9139FA6C2088CA7B00229150 /* Extensions */,
			);
			path = Sources;
			sourceTree = "<group>";
		};
		9175BC79207F63E800934B4B /* Easy */ = {
			isa = PBXGroup;
			children = (
				9175BC7B207F63E800934B4B /* TwoSum_1.swift */,
				9175BC7A207F63E800934B4B /* ReverseInteger_7.swift */,
				9102B4212080F196004ABC77 /* PalindromeNumber_9.swift */,
				91AE83AB2084FA6800DCADDF /* RomanToInteger_13.swift */,
				9139FA6A208752EA00229150 /* LongestCommonPrefix_14.swift */,
				914DF20720FCE4A9001E9551 /* FindKthMinItem.swift */,
			);
			path = Easy;
			sourceTree = "<group>";
		};
		917FB5AF213DC1C000908162 /* CrackingTheCodingInterview */ = {
			isa = PBXGroup;
			children = (
				917FB5B0213DC1D300908162 /* Permutation.swift */,
			);
			path = CrackingTheCodingInterview;
			sourceTree = "<group>";
		};
		917FB5B2213DC25800908162 /* Courses */ = {
			isa = PBXGroup;
			children = (
				917FB5B3213DC2A100908162 /* LeetCode */,
				916B88A920BD7BE600BA92DF /* Stepik */,
				91B61D7C20DA5F3A0026809E /* MyCodeSchool */,
				917FB5AF213DC1C000908162 /* CrackingTheCodingInterview */,
			);
			path = Courses;
			sourceTree = "<group>";
		};
		917FB5B3213DC2A100908162 /* LeetCode */ = {
			isa = PBXGroup;
			children = (
				914DF20920FE09D6001E9551 /* Hard */,
				9175BC79207F63E800934B4B /* Easy */,
				9102B41E2080D673004ABC77 /* Medium */,
				91AE83A82084CB8600DCADDF /* WeeklyContests */,
			);
			path = LeetCode;
			sourceTree = "<group>";
		};
		918D50972122260900DEFB61 /* RingBuffer */ = {
			isa = PBXGroup;
			children = (
				918D50982122261B00DEFB61 /* RingBuffer.swift */,
			);
			path = RingBuffer;
			sourceTree = "<group>";
		};
		91A4EEF4213D563800D72DD7 /* Big(O) */ = {
			isa = PBXGroup;
			children = (
				91B6EECA213D54C700ED91D9 /* Big(O).swift */,
			);
			path = "Big(O)";
			sourceTree = "<group>";
		};
		91AE83A82084CB8600DCADDF /* WeeklyContests */ = {
			isa = PBXGroup;
			children = (
				91AE83A92084CB9200DCADDF /* WeeklyContests80.swift */,
				919C8B2A20E18356006EE57D /* WeeklyContests90.swift */,
			);
			path = WeeklyContests;
			sourceTree = "<group>";
		};
		91B61D7420D944E70026809E /* Stack */ = {
			isa = PBXGroup;
			children = (
				91D71A4C20D12B6100709547 /* Stack.swift */,
				91B61D7720D9455D0026809E /* Stack+BasedOnArray.swift */,
			);
			path = Stack;
			sourceTree = "<group>";
		};
		91B61D7920D94A960026809E /* LinkedList */ = {
			isa = PBXGroup;
			children = (
				91D7A3C721388A150072BE90 /* LinkedList.swift */,
			);
			path = LinkedList;
			sourceTree = "<group>";
		};
		91B61D7C20DA5F3A0026809E /* MyCodeSchool */ = {
			isa = PBXGroup;
			children = (
				91B61D7D20DA5F6F0026809E /* ReverseString.swift */,
				919C8B2E20E1CAB3006EE57D /* PrintAllSubsets.swift */,
			);
			path = MyCodeSchool;
			sourceTree = "<group>";
		};
		91B6EEC6213C00C600ED91D9 /* Algorithms */ = {
			isa = PBXGroup;
			children = (
				91A4EEF4213D563800D72DD7 /* Big(O) */,
				914DF20C20FE81E6001E9551 /* PatternSearching */,
				91B6EEC7213C00DD00ED91D9 /* BFS+DFS */,
				91DA0BB920E96D3A008BC259 /* Sort */,
			);
			path = Algorithms;
			sourceTree = "<group>";
		};
		91B6EEC7213C00DD00ED91D9 /* BFS+DFS */ = {
			isa = PBXGroup;
			children = (
				91B6EEC8213C015000ED91D9 /* BFS+Tree.swift */,
			);
			path = "BFS+DFS";
			sourceTree = "<group>";
		};
		91BC7F1B20F8F11300FDB1AE /* Heap */ = {
			isa = PBXGroup;
			children = (
				91BC7F1920F7731400FDB1AE /* Heap.swift */,
			);
			path = Heap;
			sourceTree = "<group>";
		};
		91BC7F1E20FCA8A700FDB1AE /* Queue */ = {
			isa = PBXGroup;
			children = (
				91BC7F1F20FCA8B700FDB1AE /* Queue.swift */,
			);
			path = Queue;
			sourceTree = "<group>";
		};
		91BC7F2120FCAB8D00FDB1AE /* PriorityQueue */ = {
			isa = PBXGroup;
			children = (
				91BC7F2220FCAD1300FDB1AE /* PriorityQueue.swift */,
			);
			path = PriorityQueue;
			sourceTree = "<group>";
		};
		91DA0BB920E96D3A008BC259 /* Sort */ = {
			isa = PBXGroup;
			children = (
				91DA0BBA20E96D57008BC259 /* Quick.swift */,
				91301AC920ED2EBB003B4FC0 /* Merge.swift */,
				91301ACB20F2550F003B4FC0 /* Counting.swift */,
				91BC7F1C20F8F56300FDB1AE /* HeapSort.swift */,
			);
			path = Sort;
			sourceTree = "<group>";
		};
/* End PBXGroup section */

/* Begin PBXNativeTarget section */
		913B4656207D38EF00A093AF /* LeetCode */ = {
			isa = PBXNativeTarget;
			buildConfigurationList = 913B4663207D38EF00A093AF /* Build configuration list for PBXNativeTarget "LeetCode" */;
			buildPhases = (
				913B4653207D38EF00A093AF /* Sources */,
				913B4654207D38EF00A093AF /* Frameworks */,
				913B4655207D38EF00A093AF /* Resources */,
			);
			buildRules = (
			);
			dependencies = (
			);
			name = LeetCode;
			productName = LeetCodeTests;
			productReference = 913B4657207D38EF00A093AF /* LeetCode.xctest */;
			productType = "com.apple.product-type.bundle.unit-test";
		};
/* End PBXNativeTarget section */

/* Begin PBXProject section */
		913B463B207D38EE00A093AF /* Project object */ = {
			isa = PBXProject;
			attributes = {
				LastSwiftUpdateCheck = 0930;
				LastUpgradeCheck = 0930;
				ORGANIZATIONNAME = "Eremenko Maxim";
				TargetAttributes = {
					913B4656207D38EF00A093AF = {
						CreatedOnToolsVersion = 9.3;
						TestTargetID = 913B4642207D38EE00A093AF;
					};
				};
			};
			buildConfigurationList = 913B463E207D38EE00A093AF /* Build configuration list for PBXProject "LeetCode" */;
			compatibilityVersion = "Xcode 9.3";
			developmentRegion = en;
			hasScannedForEncodings = 0;
			knownRegions = (
				en,
				Base,
			);
			mainGroup = 913B463A207D38EE00A093AF;
			productRefGroup = 913B4644207D38EE00A093AF /* Products */;
			projectDirPath = "";
			projectRoot = "";
			targets = (
				913B4656207D38EF00A093AF /* LeetCode */,
			);
		};
/* End PBXProject section */

/* Begin PBXResourcesBuildPhase section */
		913B4655207D38EF00A093AF /* Resources */ = {
			isa = PBXResourcesBuildPhase;
			buildActionMask = 2147483647;
			files = (
				9175BC7D207F63E800934B4B /* Statistics.strings in Resources */,
			);
			runOnlyForDeploymentPostprocessing = 0;
		};
/* End PBXResourcesBuildPhase section */

/* Begin PBXSourcesBuildPhase section */
		913B4653207D38EF00A093AF /* Sources */ = {
			isa = PBXSourcesBuildPhase;
			buildActionMask = 2147483647;
			files = (
				91B6EECB213D54C700ED91D9 /* Big(O).swift in Sources */,
				914DF2122100B5F8001E9551 /* BinaryTree.swift in Sources */,
				914DF20E20FE920D001E9551 /* KMP_Algorithm.swift in Sources */,
				91301ACC20F2550F003B4FC0 /* Counting.swift in Sources */,
				9110EF9E2138334C00458A6B /* BSTDictionary.swift in Sources */,
				914DF20820FCE4A9001E9551 /* FindKthMinItem.swift in Sources */,
				91DA0BBB20E96D57008BC259 /* Quick.swift in Sources */,
				916B88AD20BEC7BE00BA92DF /* IsFibonacciNumber.swift in Sources */,
				914DF20B20FE09FF001E9551 /* K-th-SmallestinLexicographicalOrder_440.swift in Sources */,
				919C8B2B20E18356006EE57D /* WeeklyContests90.swift in Sources */,
				91BC7F2320FCAD1300FDB1AE /* PriorityQueue.swift in Sources */,
				9102B4202080D673004ABC77 /* AddTwoNumbers_2.swift in Sources */,
				91D71A4D20D12B6100709547 /* Stack.swift in Sources */,
				9139FA6B208752EA00229150 /* LongestCommonPrefix_14.swift in Sources */,
				91B61D7820D9455D0026809E /* Stack+BasedOnArray.swift in Sources */,
				91BC7F1D20F8F56300FDB1AE /* HeapSort.swift in Sources */,
				91AE83AC2084FA6800DCADDF /* RomanToInteger_13.swift in Sources */,
				91B61D7E20DA5F6F0026809E /* ReverseString.swift in Sources */,
				9139FA6E2088CA9200229150 /* Extensions.swift in Sources */,
				918D50992122261B00DEFB61 /* RingBuffer.swift in Sources */,
				91AE83AA2084CB9200DCADDF /* WeeklyContests80.swift in Sources */,
				9175BC7F207F63E800934B4B /* TwoSum_1.swift in Sources */,
				91D7A3C821388A160072BE90 /* LinkedList.swift in Sources */,
				919C8B2F20E1CAB3006EE57D /* PrintAllSubsets.swift in Sources */,
				91BC7F2020FCA8B700FDB1AE /* Queue.swift in Sources */,
				9175BC7E207F63E800934B4B /* ReverseInteger_7.swift in Sources */,
				916B88AB20BD7C1700BA92DF /* FindFibonacciNumber.swift in Sources */,
				91301ACA20ED2EBB003B4FC0 /* Merge.swift in Sources */,
				91BC7F1A20F7731400FDB1AE /* Heap.swift in Sources */,
				91D9EF4D209204C800969B6D /* HashMap.swift in Sources */,
				9193B18D209335E4000240A1 /* HashMap+OpenAddressing.swift in Sources */,
				9102B4222080F196004ABC77 /* PalindromeNumber_9.swift in Sources */,
				917FB5B1213DC1D300908162 /* Permutation.swift in Sources */,
				91B6EEC9213C015000ED91D9 /* BFS+Tree.swift in Sources */,
			);
			runOnlyForDeploymentPostprocessing = 0;
		};
/* End PBXSourcesBuildPhase section */

/* Begin XCBuildConfiguration section */
		913B465E207D38EF00A093AF /* Debug */ = {
			isa = XCBuildConfiguration;
			buildSettings = {
				ALWAYS_SEARCH_USER_PATHS = NO;
				CLANG_ANALYZER_NONNULL = YES;
				CLANG_ANALYZER_NUMBER_OBJECT_CONVERSION = YES_AGGRESSIVE;
				CLANG_CXX_LANGUAGE_STANDARD = "gnu++14";
				CLANG_CXX_LIBRARY = "libc++";
				CLANG_ENABLE_MODULES = YES;
				CLANG_ENABLE_OBJC_ARC = YES;
				CLANG_ENABLE_OBJC_WEAK = YES;
				CLANG_WARN_BLOCK_CAPTURE_AUTORELEASING = YES;
				CLANG_WARN_BOOL_CONVERSION = YES;
				CLANG_WARN_COMMA = YES;
				CLANG_WARN_CONSTANT_CONVERSION = YES;
				CLANG_WARN_DEPRECATED_OBJC_IMPLEMENTATIONS = YES;
				CLANG_WARN_DIRECT_OBJC_ISA_USAGE = YES_ERROR;
				CLANG_WARN_DOCUMENTATION_COMMENTS = YES;
				CLANG_WARN_EMPTY_BODY = YES;
				CLANG_WARN_ENUM_CONVERSION = YES;
				CLANG_WARN_INFINITE_RECURSION = YES;
				CLANG_WARN_INT_CONVERSION = YES;
				CLANG_WARN_NON_LITERAL_NULL_CONVERSION = YES;
				CLANG_WARN_OBJC_IMPLICIT_RETAIN_SELF = YES;
				CLANG_WARN_OBJC_LITERAL_CONVERSION = YES;
				CLANG_WARN_OBJC_ROOT_CLASS = YES_ERROR;
				CLANG_WARN_RANGE_LOOP_ANALYSIS = YES;
				CLANG_WARN_STRICT_PROTOTYPES = YES;
				CLANG_WARN_SUSPICIOUS_MOVE = YES;
				CLANG_WARN_UNGUARDED_AVAILABILITY = YES_AGGRESSIVE;
				CLANG_WARN_UNREACHABLE_CODE = YES;
				CLANG_WARN__DUPLICATE_METHOD_MATCH = YES;
				CODE_SIGN_IDENTITY = "iPhone Developer";
				COPY_PHASE_STRIP = NO;
				DEBUG_INFORMATION_FORMAT = dwarf;
				ENABLE_STRICT_OBJC_MSGSEND = YES;
				ENABLE_TESTABILITY = YES;
				GCC_C_LANGUAGE_STANDARD = gnu11;
				GCC_DYNAMIC_NO_PIC = NO;
				GCC_NO_COMMON_BLOCKS = YES;
				GCC_OPTIMIZATION_LEVEL = 0;
				GCC_PREPROCESSOR_DEFINITIONS = (
					"DEBUG=1",
					"$(inherited)",
				);
				GCC_WARN_64_TO_32_BIT_CONVERSION = YES;
				GCC_WARN_ABOUT_RETURN_TYPE = YES_ERROR;
				GCC_WARN_UNDECLARED_SELECTOR = YES;
				GCC_WARN_UNINITIALIZED_AUTOS = YES_AGGRESSIVE;
				GCC_WARN_UNUSED_FUNCTION = YES;
				GCC_WARN_UNUSED_VARIABLE = YES;
				IPHONEOS_DEPLOYMENT_TARGET = 11.3;
				MTL_ENABLE_DEBUG_INFO = YES;
				ONLY_ACTIVE_ARCH = YES;
				SDKROOT = iphoneos;
				SWIFT_ACTIVE_COMPILATION_CONDITIONS = DEBUG;
				SWIFT_OPTIMIZATION_LEVEL = "-Onone";
			};
			name = Debug;
		};
		913B465F207D38EF00A093AF /* Release */ = {
			isa = XCBuildConfiguration;
			buildSettings = {
				ALWAYS_SEARCH_USER_PATHS = NO;
				CLANG_ANALYZER_NONNULL = YES;
				CLANG_ANALYZER_NUMBER_OBJECT_CONVERSION = YES_AGGRESSIVE;
				CLANG_CXX_LANGUAGE_STANDARD = "gnu++14";
				CLANG_CXX_LIBRARY = "libc++";
				CLANG_ENABLE_MODULES = YES;
				CLANG_ENABLE_OBJC_ARC = YES;
				CLANG_ENABLE_OBJC_WEAK = YES;
				CLANG_WARN_BLOCK_CAPTURE_AUTORELEASING = YES;
				CLANG_WARN_BOOL_CONVERSION = YES;
				CLANG_WARN_COMMA = YES;
				CLANG_WARN_CONSTANT_CONVERSION = YES;
				CLANG_WARN_DEPRECATED_OBJC_IMPLEMENTATIONS = YES;
				CLANG_WARN_DIRECT_OBJC_ISA_USAGE = YES_ERROR;
				CLANG_WARN_DOCUMENTATION_COMMENTS = YES;
				CLANG_WARN_EMPTY_BODY = YES;
				CLANG_WARN_ENUM_CONVERSION = YES;
				CLANG_WARN_INFINITE_RECURSION = YES;
				CLANG_WARN_INT_CONVERSION = YES;
				CLANG_WARN_NON_LITERAL_NULL_CONVERSION = YES;
				CLANG_WARN_OBJC_IMPLICIT_RETAIN_SELF = YES;
				CLANG_WARN_OBJC_LITERAL_CONVERSION = YES;
				CLANG_WARN_OBJC_ROOT_CLASS = YES_ERROR;
				CLANG_WARN_RANGE_LOOP_ANALYSIS = YES;
				CLANG_WARN_STRICT_PROTOTYPES = YES;
				CLANG_WARN_SUSPICIOUS_MOVE = YES;
				CLANG_WARN_UNGUARDED_AVAILABILITY = YES_AGGRESSIVE;
				CLANG_WARN_UNREACHABLE_CODE = YES;
				CLANG_WARN__DUPLICATE_METHOD_MATCH = YES;
				CODE_SIGN_IDENTITY = "iPhone Developer";
				COPY_PHASE_STRIP = NO;
				DEBUG_INFORMATION_FORMAT = "dwarf-with-dsym";
				ENABLE_NS_ASSERTIONS = NO;
				ENABLE_STRICT_OBJC_MSGSEND = YES;
				GCC_C_LANGUAGE_STANDARD = gnu11;
				GCC_NO_COMMON_BLOCKS = YES;
				GCC_WARN_64_TO_32_BIT_CONVERSION = YES;
				GCC_WARN_ABOUT_RETURN_TYPE = YES_ERROR;
				GCC_WARN_UNDECLARED_SELECTOR = YES;
				GCC_WARN_UNINITIALIZED_AUTOS = YES_AGGRESSIVE;
				GCC_WARN_UNUSED_FUNCTION = YES;
				GCC_WARN_UNUSED_VARIABLE = YES;
				IPHONEOS_DEPLOYMENT_TARGET = 11.3;
				MTL_ENABLE_DEBUG_INFO = NO;
				SDKROOT = iphoneos;
				SWIFT_COMPILATION_MODE = wholemodule;
				SWIFT_OPTIMIZATION_LEVEL = "-O";
				VALIDATE_PRODUCT = YES;
			};
			name = Release;
		};
		913B4664207D38EF00A093AF /* Debug */ = {
			isa = XCBuildConfiguration;
			buildSettings = {
				BUNDLE_LOADER = "$(TEST_HOST)";
				CODE_SIGN_STYLE = Automatic;
				INFOPLIST_FILE = Info.plist;
				LD_RUNPATH_SEARCH_PATHS = (
					"$(inherited)",
					"@executable_path/Frameworks",
					"@loader_path/Frameworks",
				);
				PRODUCT_BUNDLE_IDENTIFIER = com.maxim.eremenko.LeetCodeTests;
				PRODUCT_NAME = "$(TARGET_NAME)";
				SWIFT_VERSION = 4.0;
				TARGETED_DEVICE_FAMILY = "1,2";
				TEST_HOST = "";
			};
			name = Debug;
		};
		913B4665207D38EF00A093AF /* Release */ = {
			isa = XCBuildConfiguration;
			buildSettings = {
				BUNDLE_LOADER = "$(TEST_HOST)";
				CODE_SIGN_STYLE = Automatic;
				INFOPLIST_FILE = Info.plist;
				LD_RUNPATH_SEARCH_PATHS = (
					"$(inherited)",
					"@executable_path/Frameworks",
					"@loader_path/Frameworks",
				);
				PRODUCT_BUNDLE_IDENTIFIER = com.maxim.eremenko.LeetCodeTests;
				PRODUCT_NAME = "$(TARGET_NAME)";
				SWIFT_VERSION = 4.0;
				TARGETED_DEVICE_FAMILY = "1,2";
				TEST_HOST = "";
			};
			name = Release;
		};
/* End XCBuildConfiguration section */

/* Begin XCConfigurationList section */
		913B463E207D38EE00A093AF /* Build configuration list for PBXProject "LeetCode" */ = {
			isa = XCConfigurationList;
			buildConfigurations = (
				913B465E207D38EF00A093AF /* Debug */,
				913B465F207D38EF00A093AF /* Release */,
			);
			defaultConfigurationIsVisible = 0;
			defaultConfigurationName = Release;
		};
		913B4663207D38EF00A093AF /* Build configuration list for PBXNativeTarget "LeetCode" */ = {
			isa = XCConfigurationList;
			buildConfigurations = (
				913B4664207D38EF00A093AF /* Debug */,
				913B4665207D38EF00A093AF /* Release */,
			);
			defaultConfigurationIsVisible = 0;
			defaultConfigurationName = Release;
		};
/* End XCConfigurationList section */
	};
	rootObject = 913B463B207D38EE00A093AF /* Project object */;
}
