// !$*UTF8*$!
{
	archiveVersion = 1;
	classes = {
	};
	objectVersion = 50;
	objects = {

/* Begin PBXBuildFile section */
		9102B4202080D673004ABC77 /* AddTwoNumbers_2.swift in Sources */ = {isa = PBXBuildFile; fileRef = 9102B41F2080D673004ABC77 /* AddTwoNumbers_2.swift */; };
		9102B4222080F196004ABC77 /* PalindromeNumber_9.swift in Sources */ = {isa = PBXBuildFile; fileRef = 9102B4212080F196004ABC77 /* PalindromeNumber_9.swift */; };
		9175BC7D207F63E800934B4B /* Statistics.strings in Resources */ = {isa = PBXBuildFile; fileRef = 9175BC77207F63E800934B4B /* Statistics.strings */; };
		9175BC7E207F63E800934B4B /* ReverseInteger_7.swift in Sources */ = {isa = PBXBuildFile; fileRef = 9175BC7A207F63E800934B4B /* ReverseInteger_7.swift */; };
		9175BC7F207F63E800934B4B /* TwoSum_1.swift in Sources */ = {isa = PBXBuildFile; fileRef = 9175BC7B207F63E800934B4B /* TwoSum_1.swift */; };
/* End PBXBuildFile section */

/* Begin PBXFileReference section */
		9102B41F2080D673004ABC77 /* AddTwoNumbers_2.swift */ = {isa = PBXFileReference; fileEncoding = 4; lastKnownFileType = sourcecode.swift; path = AddTwoNumbers_2.swift; sourceTree = "<group>"; };
		9102B4212080F196004ABC77 /* PalindromeNumber_9.swift */ = {isa = PBXFileReference; lastKnownFileType = sourcecode.swift; path = PalindromeNumber_9.swift; sourceTree = "<group>"; };
		913B4657207D38EF00A093AF /* LeetCode.xctest */ = {isa = PBXFileReference; explicitFileType = wrapper.cfbundle; includeInIndex = 0; path = LeetCode.xctest; sourceTree = BUILT_PRODUCTS_DIR; };
		9175BC77207F63E800934B4B /* Statistics.strings */ = {isa = PBXFileReference; fileEncoding = 4; lastKnownFileType = text.plist.strings; path = Statistics.strings; sourceTree = "<group>"; };
		9175BC7A207F63E800934B4B /* ReverseInteger_7.swift */ = {isa = PBXFileReference; fileEncoding = 4; lastKnownFileType = sourcecode.swift; path = ReverseInteger_7.swift; sourceTree = "<group>"; };
		9175BC7B207F63E800934B4B /* TwoSum_1.swift */ = {isa = PBXFileReference; fileEncoding = 4; lastKnownFileType = sourcecode.swift; path = TwoSum_1.swift; sourceTree = "<group>"; };
		9175BC7C207F63E800934B4B /* Info.plist */ = {isa = PBXFileReference; fileEncoding = 4; lastKnownFileType = text.plist.xml; path = Info.plist; sourceTree = "<group>"; };
/* End PBXFileReference section */

/* Begin PBXFrameworksBuildPhase section */
		913B4654207D38EF00A093AF /* Frameworks */ = {
			isa = PBXFrameworksBuildPhase;
			buildActionMask = 2147483647;
			files = (
			);
			runOnlyForDeploymentPostprocessing = 0;
		};
/* End PBXFrameworksBuildPhase section */

/* Begin PBXGroup section */
		9102B41E2080D673004ABC77 /* Medium */ = {
			isa = PBXGroup;
			children = (
				9102B41F2080D673004ABC77 /* AddTwoNumbers_2.swift */,
			);
			path = Medium;
			sourceTree = "<group>";
		};
		913B463A207D38EE00A093AF = {
			isa = PBXGroup;
			children = (
				9175BC78207F63E800934B4B /* Sources */,
				9175BC77207F63E800934B4B /* Statistics.strings */,
				9175BC7C207F63E800934B4B /* Info.plist */,
				913B4644207D38EE00A093AF /* Products */,
			);
			sourceTree = "<group>";
		};
		913B4644207D38EE00A093AF /* Products */ = {
			isa = PBXGroup;
			children = (
				913B4657207D38EF00A093AF /* LeetCode.xctest */,
			);
			name = Products;
			sourceTree = "<group>";
		};
		9175BC78207F63E800934B4B /* Sources */ = {
			isa = PBXGroup;
			children = (
				9175BC79207F63E800934B4B /* Easy */,
				9102B41E2080D673004ABC77 /* Medium */,
			);
			path = Sources;
			sourceTree = "<group>";
		};
		9175BC79207F63E800934B4B /* Easy */ = {
			isa = PBXGroup;
			children = (
				9175BC7B207F63E800934B4B /* TwoSum_1.swift */,
				9175BC7A207F63E800934B4B /* ReverseInteger_7.swift */,
				9102B4212080F196004ABC77 /* PalindromeNumber_9.swift */,
			);
			path = Easy;
			sourceTree = "<group>";
		};
/* End PBXGroup section */

/* Begin PBXNativeTarget section */
		913B4656207D38EF00A093AF /* LeetCode */ = {
			isa = PBXNativeTarget;
			buildConfigurationList = 913B4663207D38EF00A093AF /* Build configuration list for PBXNativeTarget "LeetCode" */;
			buildPhases = (
				913B4653207D38EF00A093AF /* Sources */,
				913B4654207D38EF00A093AF /* Frameworks */,
				913B4655207D38EF00A093AF /* Resources */,
			);
			buildRules = (
			);
			dependencies = (
			);
			name = LeetCode;
			productName = LeetCodeTests;
			productReference = 913B4657207D38EF00A093AF /* LeetCode.xctest */;
			productType = "com.apple.product-type.bundle.unit-test";
		};
/* End PBXNativeTarget section */

/* Begin PBXProject section */
		913B463B207D38EE00A093AF /* Project object */ = {
			isa = PBXProject;
			attributes = {
				LastSwiftUpdateCheck = 0930;
				LastUpgradeCheck = 0930;
				ORGANIZATIONNAME = "Eremenko Maxim";
				TargetAttributes = {
					913B4656207D38EF00A093AF = {
						CreatedOnToolsVersion = 9.3;
						TestTargetID = 913B4642207D38EE00A093AF;
					};
				};
			};
			buildConfigurationList = 913B463E207D38EE00A093AF /* Build configuration list for PBXProject "LeetCode" */;
			compatibilityVersion = "Xcode 9.3";
			developmentRegion = en;
			hasScannedForEncodings = 0;
			knownRegions = (
				en,
				Base,
			);
			mainGroup = 913B463A207D38EE00A093AF;
			productRefGroup = 913B4644207D38EE00A093AF /* Products */;
			projectDirPath = "";
			projectRoot = "";
			targets = (
				913B4656207D38EF00A093AF /* LeetCode */,
			);
		};
/* End PBXProject section */

/* Begin PBXResourcesBuildPhase section */
		913B4655207D38EF00A093AF /* Resources */ = {
			isa = PBXResourcesBuildPhase;
			buildActionMask = 2147483647;
			files = (
				9175BC7D207F63E800934B4B /* Statistics.strings in Resources */,
			);
			runOnlyForDeploymentPostprocessing = 0;
		};
/* End PBXResourcesBuildPhase section */

/* Begin PBXSourcesBuildPhase section */
		913B4653207D38EF00A093AF /* Sources */ = {
			isa = PBXSourcesBuildPhase;
			buildActionMask = 2147483647;
			files = (
				9102B4202080D673004ABC77 /* AddTwoNumbers_2.swift in Sources */,
				9175BC7F207F63E800934B4B /* TwoSum_1.swift in Sources */,
				9175BC7E207F63E800934B4B /* ReverseInteger_7.swift in Sources */,
				9102B4222080F196004ABC77 /* PalindromeNumber_9.swift in Sources */,
			);
			runOnlyForDeploymentPostprocessing = 0;
		};
/* End PBXSourcesBuildPhase section */

/* Begin XCBuildConfiguration section */
		913B465E207D38EF00A093AF /* Debug */ = {
			isa = XCBuildConfiguration;
			buildSettings = {
				ALWAYS_SEARCH_USER_PATHS = NO;
				CLANG_ANALYZER_NONNULL = YES;
				CLANG_ANALYZER_NUMBER_OBJECT_CONVERSION = YES_AGGRESSIVE;
				CLANG_CXX_LANGUAGE_STANDARD = "gnu++14";
				CLANG_CXX_LIBRARY = "libc++";
				CLANG_ENABLE_MODULES = YES;
				CLANG_ENABLE_OBJC_ARC = YES;
				CLANG_ENABLE_OBJC_WEAK = YES;
				CLANG_WARN_BLOCK_CAPTURE_AUTORELEASING = YES;
				CLANG_WARN_BOOL_CONVERSION = YES;
				CLANG_WARN_COMMA = YES;
				CLANG_WARN_CONSTANT_CONVERSION = YES;
				CLANG_WARN_DEPRECATED_OBJC_IMPLEMENTATIONS = YES;
				CLANG_WARN_DIRECT_OBJC_ISA_USAGE = YES_ERROR;
				CLANG_WARN_DOCUMENTATION_COMMENTS = YES;
				CLANG_WARN_EMPTY_BODY = YES;
				CLANG_WARN_ENUM_CONVERSION = YES;
				CLANG_WARN_INFINITE_RECURSION = YES;
				CLANG_WARN_INT_CONVERSION = YES;
				CLANG_WARN_NON_LITERAL_NULL_CONVERSION = YES;
				CLANG_WARN_OBJC_IMPLICIT_RETAIN_SELF = YES;
				CLANG_WARN_OBJC_LITERAL_CONVERSION = YES;
				CLANG_WARN_OBJC_ROOT_CLASS = YES_ERROR;
				CLANG_WARN_RANGE_LOOP_ANALYSIS = YES;
				CLANG_WARN_STRICT_PROTOTYPES = YES;
				CLANG_WARN_SUSPICIOUS_MOVE = YES;
				CLANG_WARN_UNGUARDED_AVAILABILITY = YES_AGGRESSIVE;
				CLANG_WARN_UNREACHABLE_CODE = YES;
				CLANG_WARN__DUPLICATE_METHOD_MATCH = YES;
				CODE_SIGN_IDENTITY = "iPhone Developer";
				COPY_PHASE_STRIP = NO;
				DEBUG_INFORMATION_FORMAT = dwarf;
				ENABLE_STRICT_OBJC_MSGSEND = YES;
				ENABLE_TESTABILITY = YES;
				GCC_C_LANGUAGE_STANDARD = gnu11;
				GCC_DYNAMIC_NO_PIC = NO;
				GCC_NO_COMMON_BLOCKS = YES;
				GCC_OPTIMIZATION_LEVEL = 0;
				GCC_PREPROCESSOR_DEFINITIONS = (
					"DEBUG=1",
					"$(inherited)",
				);
				GCC_WARN_64_TO_32_BIT_CONVERSION = YES;
				GCC_WARN_ABOUT_RETURN_TYPE = YES_ERROR;
				GCC_WARN_UNDECLARED_SELECTOR = YES;
				GCC_WARN_UNINITIALIZED_AUTOS = YES_AGGRESSIVE;
				GCC_WARN_UNUSED_FUNCTION = YES;
				GCC_WARN_UNUSED_VARIABLE = YES;
				IPHONEOS_DEPLOYMENT_TARGET = 11.3;
				MTL_ENABLE_DEBUG_INFO = YES;
				ONLY_ACTIVE_ARCH = YES;
				SDKROOT = iphoneos;
				SWIFT_ACTIVE_COMPILATION_CONDITIONS = DEBUG;
				SWIFT_OPTIMIZATION_LEVEL = "-Onone";
			};
			name = Debug;
		};
		913B465F207D38EF00A093AF /* Release */ = {
			isa = XCBuildConfiguration;
			buildSettings = {
				ALWAYS_SEARCH_USER_PATHS = NO;
				CLANG_ANALYZER_NONNULL = YES;
				CLANG_ANALYZER_NUMBER_OBJECT_CONVERSION = YES_AGGRESSIVE;
				CLANG_CXX_LANGUAGE_STANDARD = "gnu++14";
				CLANG_CXX_LIBRARY = "libc++";
				CLANG_ENABLE_MODULES = YES;
				CLANG_ENABLE_OBJC_ARC = YES;
				CLANG_ENABLE_OBJC_WEAK = YES;
				CLANG_WARN_BLOCK_CAPTURE_AUTORELEASING = YES;
				CLANG_WARN_BOOL_CONVERSION = YES;
				CLANG_WARN_COMMA = YES;
				CLANG_WARN_CONSTANT_CONVERSION = YES;
				CLANG_WARN_DEPRECATED_OBJC_IMPLEMENTATIONS = YES;
				CLANG_WARN_DIRECT_OBJC_ISA_USAGE = YES_ERROR;
				CLANG_WARN_DOCUMENTATION_COMMENTS = YES;
				CLANG_WARN_EMPTY_BODY = YES;
				CLANG_WARN_ENUM_CONVERSION = YES;
				CLANG_WARN_INFINITE_RECURSION = YES;
				CLANG_WARN_INT_CONVERSION = YES;
				CLANG_WARN_NON_LITERAL_NULL_CONVERSION = YES;
				CLANG_WARN_OBJC_IMPLICIT_RETAIN_SELF = YES;
				CLANG_WARN_OBJC_LITERAL_CONVERSION = YES;
				CLANG_WARN_OBJC_ROOT_CLASS = YES_ERROR;
				CLANG_WARN_RANGE_LOOP_ANALYSIS = YES;
				CLANG_WARN_STRICT_PROTOTYPES = YES;
				CLANG_WARN_SUSPICIOUS_MOVE = YES;
				CLANG_WARN_UNGUARDED_AVAILABILITY = YES_AGGRESSIVE;
				CLANG_WARN_UNREACHABLE_CODE = YES;
				CLANG_WARN__DUPLICATE_METHOD_MATCH = YES;
				CODE_SIGN_IDENTITY = "iPhone Developer";
				COPY_PHASE_STRIP = NO;
				DEBUG_INFORMATION_FORMAT = "dwarf-with-dsym";
				ENABLE_NS_ASSERTIONS = NO;
				ENABLE_STRICT_OBJC_MSGSEND = YES;
				GCC_C_LANGUAGE_STANDARD = gnu11;
				GCC_NO_COMMON_BLOCKS = YES;
				GCC_WARN_64_TO_32_BIT_CONVERSION = YES;
				GCC_WARN_ABOUT_RETURN_TYPE = YES_ERROR;
				GCC_WARN_UNDECLARED_SELECTOR = YES;
				GCC_WARN_UNINITIALIZED_AUTOS = YES_AGGRESSIVE;
				GCC_WARN_UNUSED_FUNCTION = YES;
				GCC_WARN_UNUSED_VARIABLE = YES;
				IPHONEOS_DEPLOYMENT_TARGET = 11.3;
				MTL_ENABLE_DEBUG_INFO = NO;
				SDKROOT = iphoneos;
				SWIFT_COMPILATION_MODE = wholemodule;
				SWIFT_OPTIMIZATION_LEVEL = "-O";
				VALIDATE_PRODUCT = YES;
			};
			name = Release;
		};
		913B4664207D38EF00A093AF /* Debug */ = {
			isa = XCBuildConfiguration;
			buildSettings = {
				BUNDLE_LOADER = "$(TEST_HOST)";
				CODE_SIGN_STYLE = Automatic;
				INFOPLIST_FILE = Sources/Info.plist;
				LD_RUNPATH_SEARCH_PATHS = (
					"$(inherited)",
					"@executable_path/Frameworks",
					"@loader_path/Frameworks",
				);
				PRODUCT_BUNDLE_IDENTIFIER = com.maxim.eremenko.LeetCodeTests;
				PRODUCT_NAME = "$(TARGET_NAME)";
				SWIFT_VERSION = 4.0;
				TARGETED_DEVICE_FAMILY = "1,2";
				TEST_HOST = "";
			};
			name = Debug;
		};
		913B4665207D38EF00A093AF /* Release */ = {
			isa = XCBuildConfiguration;
			buildSettings = {
				BUNDLE_LOADER = "$(TEST_HOST)";
				CODE_SIGN_STYLE = Automatic;
				INFOPLIST_FILE = Sources/Info.plist;
				LD_RUNPATH_SEARCH_PATHS = (
					"$(inherited)",
					"@executable_path/Frameworks",
					"@loader_path/Frameworks",
				);
				PRODUCT_BUNDLE_IDENTIFIER = com.maxim.eremenko.LeetCodeTests;
				PRODUCT_NAME = "$(TARGET_NAME)";
				SWIFT_VERSION = 4.0;
				TARGETED_DEVICE_FAMILY = "1,2";
				TEST_HOST = "";
			};
			name = Release;
		};
/* End XCBuildConfiguration section */

/* Begin XCConfigurationList section */
		913B463E207D38EE00A093AF /* Build configuration list for PBXProject "LeetCode" */ = {
			isa = XCConfigurationList;
			buildConfigurations = (
				913B465E207D38EF00A093AF /* Debug */,
				913B465F207D38EF00A093AF /* Release */,
			);
			defaultConfigurationIsVisible = 0;
			defaultConfigurationName = Release;
		};
		913B4663207D38EF00A093AF /* Build configuration list for PBXNativeTarget "LeetCode" */ = {
			isa = XCConfigurationList;
			buildConfigurations = (
				913B4664207D38EF00A093AF /* Debug */,
				913B4665207D38EF00A093AF /* Release */,
			);
			defaultConfigurationIsVisible = 0;
			defaultConfigurationName = Release;
		};
/* End XCConfigurationList section */
	};
	rootObject = 913B463B207D38EE00A093AF /* Project object */;
}
